
Microsoft Visual Studio Solution File, Format Version 12.00
# Visual Studio Version 17
VisualStudioVersion = 17.14.36930.0
MinimumVisualStudioVersion = 10.0.40219.1
Project("{FAE04EC0-301F-11D3-BF4B-00C04F79EFBC}") = "B2bOrder", "B2bOrder\B2bOrder.csproj", "{8D013073-0DDA-4BDC-BBBA-C6463479029F}"
EndProject
Global
	GlobalSection(SolutionConfigurationPlatforms) = preSolution
		Debug|Any CPU = Debug|Any CPU
		Release|Any CPU = Release|Any CPU
	EndGlobalSection
	GlobalSection(ProjectConfigurationPlatforms) = postSolution
		{8D013073-0DDA-4BDC-BBBA-C6463479029F}.Debug|Any CPU.ActiveCfg = Debug|Any CPU
		{8D013073-0DDA-4BDC-BBBA-C6463479029F}.Debug|Any CPU.Build.0 = Debug|Any CPU
		{8D013073-0DDA-4BDC-BBBA-C6463479029F}.Release|Any CPU.ActiveCfg = Release|Any CPU
		{8D013073-0DDA-4BDC-BBBA-C6463479029F}.Release|Any CPU.Build.0 = Release|Any CPU
	EndGlobalSection
	GlobalSection(SolutionProperties) = preSolution
		HideSolutionNode = FALSE
	EndGlobalSection
	GlobalSection(ExtensibilityGlobals) = postSolution
		SolutionGuid = {713FEB60-8009-45D8-9E85-D00F64B13E11}
	EndGlobalSection
EndGlobal
